
Microsoft Visual Studio Solution File, Format Version 12.00
# Visual Studio 15
VisualStudioVersion = 15.0.28307.1231
MinimumVisualStudioVersion = 10.0.40219.1
Project("{8BC9CEB8-8B4A-11D0-8D11-00A0C91BC942}") = "rtsi", "rtsi\rtsi.vcxproj", "{CC05D4C1-2690-4F8F-8B93-CC8DD6D62FD4}"
EndProject
Project("{8BC9CEB8-8B4A-11D0-8D11-00A0C91BC942}") = "test_rtsi", "test_rtsi\test_rtsi.vcxproj", "{FF1E7FC0-0EA1-4167-A63A-680018BEB587}"
EndProject
Global
	GlobalSection(SolutionConfigurationPlatforms) = preSolution
		Debug|x64 = Debug|x64
		Debug|x86 = Debug|x86
		Release|x64 = Release|x64
		Release|x86 = Release|x86
	EndGlobalSection
	GlobalSection(ProjectConfigurationPlatforms) = postSolution
		{CC05D4C1-2690-4F8F-8B93-CC8DD6D62FD4}.Debug|x64.ActiveCfg = Debug|x64
		{CC05D4C1-2690-4F8F-8B93-CC8DD6D62FD4}.Debug|x64.Build.0 = Debug|x64
		{CC05D4C1-2690-4F8F-8B93-CC8DD6D62FD4}.Debug|x86.ActiveCfg = Debug|Win32
		{CC05D4C1-2690-4F8F-8B93-CC8DD6D62FD4}.Debug|x86.Build.0 = Debug|Win32
		{CC05D4C1-2690-4F8F-8B93-CC8DD6D62FD4}.Release|x64.ActiveCfg = Release|x64
		{CC05D4C1-2690-4F8F-8B93-CC8DD6D62FD4}.Release|x64.Build.0 = Release|x64
		{CC05D4C1-2690-4F8F-8B93-CC8DD6D62FD4}.Release|x86.ActiveCfg = Release|Win32
		{CC05D4C1-2690-4F8F-8B93-CC8DD6D62FD4}.Release|x86.Build.0 = Release|Win32
		{FF1E7FC0-0EA1-4167-A63A-680018BEB587}.Debug|x64.ActiveCfg = Debug|x64
		{FF1E7FC0-0EA1-4167-A63A-680018BEB587}.Debug|x64.Build.0 = Debug|x64
		{FF1E7FC0-0EA1-4167-A63A-680018BEB587}.Debug|x86.ActiveCfg = Debug|Win32
		{FF1E7FC0-0EA1-4167-A63A-680018BEB587}.Debug|x86.Build.0 = Debug|Win32
		{FF1E7FC0-0EA1-4167-A63A-680018BEB587}.Release|x64.ActiveCfg = Release|x64
		{FF1E7FC0-0EA1-4167-A63A-680018BEB587}.Release|x64.Build.0 = Release|x64
		{FF1E7FC0-0EA1-4167-A63A-680018BEB587}.Release|x86.ActiveCfg = Release|Win32
		{FF1E7FC0-0EA1-4167-A63A-680018BEB587}.Release|x86.Build.0 = Release|Win32
	EndGlobalSection
	GlobalSection(SolutionProperties) = preSolution
		HideSolutionNode = FALSE
	EndGlobalSection
	GlobalSection(ExtensibilityGlobals) = postSolution
		SolutionGuid = {7F21DC99-1987-4574-BB22-52BFDB08F933}
	EndGlobalSection
EndGlobal
